
Microsoft Visual Studio Solution File, Format Version 12.00
# Visual Studio Version 17
VisualStudioVersion = 17.2.32516.85
MinimumVisualStudioVersion = 10.0.40219.1
Project("{FAE04EC0-301F-11D3-BF4B-00C04F79EFBC}") = "HotelListing.API", "HotelListing.API\HotelListing.API.csproj", "{24C2FFAD-5716-488B-817E-226344860748}"
EndProject
Global
	GlobalSection(SolutionConfigurationPlatforms) = preSolution
		Debug|Any CPU = Debug|Any CPU
		Release|Any CPU = Release|Any CPU
	EndGlobalSection
	GlobalSection(ProjectConfigurationPlatforms) = postSolution
		{24C2FFAD-5716-488B-817E-226344860748}.Debug|Any CPU.ActiveCfg = Debug|Any CPU
		{24C2FFAD-5716-488B-817E-226344860748}.Debug|Any CPU.Build.0 = Debug|Any CPU
		{24C2FFAD-5716-488B-817E-226344860748}.Release|Any CPU.ActiveCfg = Release|Any CPU
		{24C2FFAD-5716-488B-817E-226344860748}.Release|Any CPU.Build.0 = Release|Any CPU
	EndGlobalSection
	GlobalSection(SolutionProperties) = preSolution
		HideSolutionNode = FALSE
	EndGlobalSection
	GlobalSection(ExtensibilityGlobals) = postSolution
		SolutionGuid = {8B4AFE11-235F-44EB-91EC-9A562B6A0F84}
	EndGlobalSection
EndGlobal
